// !$*UTF8*$!
{
	archiveVersion = 1;
	classes = {
	};
	objectVersion = 54;
	objects = {

/* Begin PBXBuildFile section */
		2D1K3DU2LSHF2LRZOE5BTRZB /* InfoPlist.strings in Resources */ = {isa = PBXBuildFile; fileRef = BY6F5NTIN7US7HYCSB5X9I5H /* InfoPlist.strings */; };
		38ECE11N1FV05O1PQBRJ779A /* StoreKit.framework in Frameworks */ = {isa = PBXBuildFile; fileRef = WIYRULTTV0JM2EK27TZX87L1 /* StoreKit.framework */; };
		CDVTH1ZFFOHCUEB3XHYC10RU /* GoogleService-Info.plist in Resources */ = {isa = PBXBuildFile; fileRef = KED272W3CGK7SHTYEP7N3D1Q /* GoogleService-Info.plist */; };
		CFJZ1LB5HZJ1IJLKS87LY98N /* Pods_Runner.framework in Frameworks */ = {isa = PBXBuildFile; fileRef = LOIGEW8DDZB0DMEH27IT0D79 /* Pods_Runner.framework */; };
		EBSYMBROZHU2TKSOQ8UVJOHV /* AppDelegate.swift in Sources */ = {isa = PBXBuildFile; fileRef = 3FI6L0H3NATZRFUQ76ACYOMZ /* AppDelegate.swift */; };
		I65P29Q4EKRO07YXKO91Z3JV /* AppFrameworkInfo.plist in Resources */ = {isa = PBXBuildFile; fileRef = 80J399L5JQ0JOPG3HY0O1PNT /* AppFrameworkInfo.plist */; };
		IBN5Y9FCBI1I1S8MQCR910KD /* Main.storyboard in Resources */ = {isa = PBXBuildFile; fileRef = 3MHKRH1Y09RNSJX2H96ARGUK /* Main.storyboard */; };
		KA7P9WHHWDHOJIRJ4O5V6LF6 /* GeneratedPluginRegistrant.m in Sources */ = {isa = PBXBuildFile; fileRef = QJMCIDR81JMCSQ8VM0HMLHMK /* GeneratedPluginRegistrant.m */; };
		NIXAXU13VVK4VX36V9XC88B7 /* Assets.xcassets in Resources */ = {isa = PBXBuildFile; fileRef = RO1PKI8BGGGMNBW45OF3200R /* Assets.xcassets */; };
		WMPHSBX0KAV18RWUGNY1DDS7 /* LaunchScreen.storyboard in Resources */ = {isa = PBXBuildFile; fileRef = R9WSHVJC4TIVZ0K9ZGVFIV97 /* LaunchScreen.storyboard */; };
		YVC8AY6ZCRB1FEGG4FJJC6OQ /* PrivacyInfo.xcprivacy in Resources */ = {isa = PBXBuildFile; fileRef = AC7GTX1XUR9VJX5ATDDKKAGO /* PrivacyInfo.xcprivacy */; };
/* End PBXBuildFile section */

/* Begin PBXCopyFilesBuildPhase section */
		EFS2OJFDNRNFPL1UBL1R77WF /* Embed Frameworks */ = {
			isa = PBXCopyFilesBuildPhase;
			buildActionMask = 2147483647;
			dstPath = "";
			dstSubfolderSpec = 10;
			files = (
			);
			name = "Embed Frameworks";
			runOnlyForDeploymentPostprocessing = 0;
		};
/* End PBXCopyFilesBuildPhase section */

/* Begin PBXFileReference section */
		00U2936WPGHMG5RLX99Z8P6A /* Pods-Runner.release.xcconfig */ = {isa = PBXFileReference; includeInIndex = 1; lastKnownFileType = text.xcconfig; name = "Pods-Runner.release.xcconfig"; path = "Target Support Files/Pods-Runner/Pods-Runner.release.xcconfig"; sourceTree = "<group>"; };
		06ZH68OFN923RR9C4A92ZI1O /* es */ = {isa = PBXFileReference; lastKnownFileType = text.plist.strings; name = es; path = es.lproj/Main.strings; sourceTree = "<group>"; };
		204Q6GYLN714Q08K9P095LMS /* GeneratedPluginRegistrant.h */ = {isa = PBXFileReference; lastKnownFileType = sourcecode.c.h; path = GeneratedPluginRegistrant.h; sourceTree = "<group>"; };
		2JM4BD75FPTKVK4WCDU0TY99 /* ru */ = {isa = PBXFileReference; lastKnownFileType = text.plist.strings; name = ru; path = ru.lproj/LaunchScreen.strings; sourceTree = "<group>"; };
		2O0JR0VKVWB3VYWWEVGPEDVH /* ko */ = {isa = PBXFileReference; lastKnownFileType = text.plist.strings; name = ko; path = ko.lproj/Main.strings; sourceTree = "<group>"; };
		2XXC7AFG74Y79OACV83191YE /* es */ = {isa = PBXFileReference; lastKnownFileType = text.plist.strings; name = es; path = es.lproj/LaunchScreen.strings; sourceTree = "<group>"; };
		3FI6L0H3NATZRFUQ76ACYOMZ /* AppDelegate.swift */ = {isa = PBXFileReference; fileEncoding = 4; lastKnownFileType = sourcecode.swift; path = AppDelegate.swift; sourceTree = "<group>"; };
		5CXP8AI7G4S1QKMB01H6FQ6B /* ru */ = {isa = PBXFileReference; lastKnownFileType = text.plist.strings; name = ru; path = ru.lproj/InfoPlist.strings; sourceTree = "<group>"; };
		5KL3E3YXJT0MSW8RV5S1GIWK /* ar */ = {isa = PBXFileReference; lastKnownFileType = text.plist.strings; name = ar; path = ar.lproj/InfoPlist.strings; sourceTree = "<group>"; };
		5MBDN267GNSBS4VCOVVEASYR /* ar */ = {isa = PBXFileReference; lastKnownFileType = text.plist.strings; name = ar; path = ar.lproj/LaunchScreen.strings; sourceTree = "<group>"; };
		5YV1Y9LI20KXOVXOW2KFFG2J /* ko */ = {isa = PBXFileReference; lastKnownFileType = text.plist.strings; name = ko; path = ko.lproj/InfoPlist.strings; sourceTree = "<group>"; };
		66IUGQ14QOVGDX6AOT16K7A6 /* ja */ = {isa = PBXFileReference; lastKnownFileType = text.plist.strings; name = ja; path = ja.lproj/Main.strings; sourceTree = "<group>"; };
		709SJQ6MVOXHVXTFMDTOIU6O /* pt */ = {isa = PBXFileReference; lastKnownFileType = text.plist.strings; name = pt; path = pt.lproj/LaunchScreen.strings; sourceTree = "<group>"; };
		781GFS5EKYWROOVF2RLGURU4 /* Pods-Runner.debug.xcconfig */ = {isa = PBXFileReference; includeInIndex = 1; lastKnownFileType = text.xcconfig; name = "Pods-Runner.debug.xcconfig"; path = "Target Support Files/Pods-Runner/Pods-Runner.debug.xcconfig"; sourceTree = "<group>"; };
		80J399L5JQ0JOPG3HY0O1PNT /* AppFrameworkInfo.plist */ = {isa = PBXFileReference; fileEncoding = 4; lastKnownFileType = text.plist.xml; name = AppFrameworkInfo.plist; path = Flutter/AppFrameworkInfo.plist; sourceTree = "<group>"; };
		85RPP411AXMBDGGPEV44TXSI /* es */ = {isa = PBXFileReference; lastKnownFileType = text.plist.strings; name = es; path = es.lproj/InfoPlist.strings; sourceTree = "<group>"; };
		AC7GTX1XUR9VJX5ATDDKKAGO /* PrivacyInfo.xcprivacy */ = {isa = PBXFileReference; lastKnownFileType = text.xml; path = PrivacyInfo.xcprivacy; sourceTree = "<group>"; };
		AXI4QKMCMHBVEJSLL6CGOTDH /* Base */ = {isa = PBXFileReference; lastKnownFileType = file.storyboard; name = Base; path = Base.lproj/Main.storyboard; sourceTree = "<group>"; };
		BLKTNPFUYG3TWKE9PRBEBUJZ /* ar */ = {isa = PBXFileReference; lastKnownFileType = text.plist.strings; name = ar; path = ar.lproj/Main.strings; sourceTree = "<group>"; };
		BP09YPAIPRTOI8S86JC2LWW3 /* Info.plist */ = {isa = PBXFileReference; lastKnownFileType = text.plist.xml; path = Info.plist; sourceTree = "<group>"; };
		BY3BQ7KKEK84C8CYE4B2D8JZ /* ko */ = {isa = PBXFileReference; lastKnownFileType = text.plist.strings; name = ko; path = ko.lproj/LaunchScreen.strings; sourceTree = "<group>"; };
		D95N4M3XCM1YYOCW7PP13HM9 /* Release.xcconfig */ = {isa = PBXFileReference; lastKnownFileType = text.xcconfig; name = Release.xcconfig; path = Flutter/Release.xcconfig; sourceTree = "<group>"; };
		DRKIQ69OGZZK3ITKH6BS8C0J /* ms */ = {isa = PBXFileReference; lastKnownFileType = text.plist.strings; name = ms; path = ms.lproj/Main.strings; sourceTree = "<group>"; };
		FS4B8E6T5OGQGCZWDM6YTM0M /* ja */ = {isa = PBXFileReference; lastKnownFileType = text.plist.strings; name = ja; path = ja.lproj/InfoPlist.strings; sourceTree = "<group>"; };
		FXZ9TUWZNOMDOLMJ6WALATZL /* Generated.xcconfig */ = {isa = PBXFileReference; fileEncoding = 4; lastKnownFileType = text.xcconfig; name = Generated.xcconfig; path = Flutter/Generated.xcconfig; sourceTree = "<group>"; };
		I1EZ4NOO5EYDYCHI66E4UF9G /* ar */ = {isa = PBXFileReference; lastKnownFileType = text.plist.strings; name = ar; path = ar.lproj/Main.strings; sourceTree = "<group>"; };
		I3XNDBTC05ZLS9AS7NCC9IHE /* pt */ = {isa = PBXFileReference; lastKnownFileType = text.plist.strings; name = pt; path = pt.lproj/InfoPlist.strings; sourceTree = "<group>"; };
		ILWMYES0GP3UI4HJ88GEGANE /* ms */ = {isa = PBXFileReference; lastKnownFileType = text.plist.strings; name = ms; path = ms.lproj/InfoPlist.strings; sourceTree = "<group>"; };
		IVK71L5R79JQN0OOTOEYHO7C /* Base */ = {isa = PBXFileReference; lastKnownFileType = file.storyboard; name = Base; path = Base.lproj/LaunchScreen.storyboard; sourceTree = "<group>"; };
		K5AURGG9Q9SGSIK1YBCXT2RU /* Pods_RunnerTests.framework */ = {isa = PBXFileReference; explicitFileType = wrapper.framework; includeInIndex = 0; path = Pods_RunnerTests.framework; sourceTree = BUILT_PRODUCTS_DIR; };
		KED272W3CGK7SHTYEP7N3D1Q /* GoogleService-Info.plist */ = {isa = PBXFileReference; lastKnownFileType = text.plist.xml; path = "GoogleService-Info.plist"; sourceTree = "<group>"; };
		LOIGEW8DDZB0DMEH27IT0D79 /* Pods_Runner.framework */ = {isa = PBXFileReference; explicitFileType = wrapper.framework; includeInIndex = 0; path = Pods_Runner.framework; sourceTree = BUILT_PRODUCTS_DIR; };
		LXSN9HTHY4FDUZU4TGSKTRKP /* Runner-Bridging-Header.h */ = {isa = PBXFileReference; lastKnownFileType = sourcecode.c.h; path = "Runner-Bridging-Header.h"; sourceTree = "<group>"; };
		MPBYB3UY4GI9JSAZTRHW3FR2 /* en */ = {isa = PBXFileReference; lastKnownFileType = text.plist.strings; name = en; path = en.lproj/InfoPlist.strings; sourceTree = "<group>"; };
		Q84HA0S8JTEOB81YKVNDOE97 /* pt */ = {isa = PBXFileReference; lastKnownFileType = text.plist.strings; name = pt; path = pt.lproj/Main.strings; sourceTree = "<group>"; };
		QJMCIDR81JMCSQ8VM0HMLHMK /* GeneratedPluginRegistrant.m */ = {isa = PBXFileReference; fileEncoding = 4; lastKnownFileType = sourcecode.c.objc; path = GeneratedPluginRegistrant.m; sourceTree = "<group>"; };
		QQZPYA12BUD4PJRQS7XKQAGB /* Pods-RunnerTests.release.xcconfig */ = {isa = PBXFileReference; includeInIndex = 1; lastKnownFileType = text.xcconfig; name = "Pods-RunnerTests.release.xcconfig"; path = "Target Support Files/Pods-RunnerTests/Pods-RunnerTests.release.xcconfig"; sourceTree = "<group>"; };
		R0DXH4EYK5GJTFKVPBWY24TF /* Debug.xcconfig */ = {isa = PBXFileReference; fileEncoding = 4; lastKnownFileType = text.xcconfig; name = Debug.xcconfig; path = Flutter/Debug.xcconfig; sourceTree = "<group>"; };
		RO1PKI8BGGGMNBW45OF3200R /* Assets.xcassets */ = {isa = PBXFileReference; lastKnownFileType = folder.assetcatalog; path = Assets.xcassets; sourceTree = "<group>"; };
		T2D4GPMHHBV06VYNXHJ4XTMO /* Runner.app */ = {isa = PBXFileReference; explicitFileType = wrapper.application; includeInIndex = 0; path = Runner.app; sourceTree = BUILT_PRODUCTS_DIR; };
		UYTPBDG3ZCZIEXKNH2NMV39R /* Runner.entitlements */ = {isa = PBXFileReference; lastKnownFileType = text.plist.entitlements; path = Runner.entitlements; sourceTree = "<group>"; };
		V4M9A0FX0ZM8HU4YDDPV8BY9 /* Pods-RunnerTests.profile.xcconfig */ = {isa = PBXFileReference; includeInIndex = 1; lastKnownFileType = text.xcconfig; name = "Pods-RunnerTests.profile.xcconfig"; path = "Target Support Files/Pods-RunnerTests/Pods-RunnerTests.profile.xcconfig"; sourceTree = "<group>"; };
		VN7CGJUBMXKDPSJUFOJWMFKB /* Pods-RunnerTests.debug.xcconfig */ = {isa = PBXFileReference; includeInIndex = 1; lastKnownFileType = text.xcconfig; name = "Pods-RunnerTests.debug.xcconfig"; path = "Target Support Files/Pods-RunnerTests/Pods-RunnerTests.debug.xcconfig"; sourceTree = "<group>"; };
		W6VA1JX4Z6CLQK26YCUEHIEY /* ja */ = {isa = PBXFileReference; lastKnownFileType = text.plist.strings; name = ja; path = ja.lproj/LaunchScreen.strings; sourceTree = "<group>"; };
		W9EJMDPO0X5UFDZWETMC9CI6 /* ru */ = {isa = PBXFileReference; lastKnownFileType = text.plist.strings; name = ru; path = ru.lproj/Main.strings; sourceTree = "<group>"; };
		WIYRULTTV0JM2EK27TZX87L1 /* StoreKit.framework */ = {isa = PBXFileReference; lastKnownFileType = wrapper.framework; name = StoreKit.framework; path = System/Library/Frameworks/StoreKit.framework; sourceTree = SDKROOT; };
		WK5UPAG0KNW3DYH4WJGRVQZY /* ms */ = {isa = PBXFileReference; lastKnownFileType = text.plist.strings; name = ms; path = ms.lproj/LaunchScreen.strings; sourceTree = "<group>"; };
		XAR3AOC0RA3QK6TV6QMZ7PY3 /* ar */ = {isa = PBXFileReference; lastKnownFileType = text.plist.strings; name = ar; path = ar.lproj/LaunchScreen.strings; sourceTree = "<group>"; };
		Z11ZSSVKDPQ1F27VE0C5WLY8 /* Pods-Runner.profile.xcconfig */ = {isa = PBXFileReference; includeInIndex = 1; lastKnownFileType = text.xcconfig; name = "Pods-Runner.profile.xcconfig"; path = "Target Support Files/Pods-Runner/Pods-Runner.profile.xcconfig"; sourceTree = "<group>"; };
/* End PBXFileReference section */

/* Begin PBXFrameworksBuildPhase section */
		TRKACLZRN9OQKCZJG94MJAPK /* Frameworks */ = {
			isa = PBXFrameworksBuildPhase;
			buildActionMask = 2147483647;
			files = (
				CFJZ1LB5HZJ1IJLKS87LY98N /* Pods_Runner.framework in Frameworks */,
				38ECE11N1FV05O1PQBRJ779A /* StoreKit.framework in Frameworks */,
			);
			runOnlyForDeploymentPostprocessing = 0;
		};
/* End PBXFrameworksBuildPhase section */

/* Begin PBXGroup section */
		2HG5CFVZG44DV5WMWRWKQS9P /* Pods */ = {
			isa = PBXGroup;
			children = (
				VN7CGJUBMXKDPSJUFOJWMFKB /* Pods-RunnerTests.debug.xcconfig */,
				Z11ZSSVKDPQ1F27VE0C5WLY8 /* Pods-Runner.profile.xcconfig */,
				V4M9A0FX0ZM8HU4YDDPV8BY9 /* Pods-RunnerTests.profile.xcconfig */,
				QQZPYA12BUD4PJRQS7XKQAGB /* Pods-RunnerTests.release.xcconfig */,
				00U2936WPGHMG5RLX99Z8P6A /* Pods-Runner.release.xcconfig */,
				781GFS5EKYWROOVF2RLGURU4 /* Pods-Runner.debug.xcconfig */,
			);
			path = Pods;
			sourceTree = "<group>";
		};
		5PA04ARDPNZECBM0QKA2G915 = {
			isa = PBXGroup;
			children = (
				6CXXZULZR42JX2MRDP8WJYG0 /* Flutter */,
				X0G9A891AS60SGG3OHDWKHPD /* Products */,
				6PONI319ZA3QGHAFIYGM1014 /* Frameworks */,
				OGMCNBT82SO2P4W0LO7MDDLQ /* Runner */,
				2HG5CFVZG44DV5WMWRWKQS9P /* Pods */,
			);
			sourceTree = "<group>";
		};
		6CXXZULZR42JX2MRDP8WJYG0 /* Flutter */ = {
			isa = PBXGroup;
			children = (
				80J399L5JQ0JOPG3HY0O1PNT /* AppFrameworkInfo.plist */,
				R0DXH4EYK5GJTFKVPBWY24TF /* Debug.xcconfig */,
				D95N4M3XCM1YYOCW7PP13HM9 /* Release.xcconfig */,
				FXZ9TUWZNOMDOLMJ6WALATZL /* Generated.xcconfig */,
			);
			name = Flutter;
			sourceTree = "<group>";
		};
		6PONI319ZA3QGHAFIYGM1014 /* Frameworks */ = {
			isa = PBXGroup;
			children = (
				WIYRULTTV0JM2EK27TZX87L1 /* StoreKit.framework */,
				LOIGEW8DDZB0DMEH27IT0D79 /* Pods_Runner.framework */,
				K5AURGG9Q9SGSIK1YBCXT2RU /* Pods_RunnerTests.framework */,
			);
			name = Frameworks;
			sourceTree = "<group>";
		};
		OGMCNBT82SO2P4W0LO7MDDLQ /* Runner */ = {
			isa = PBXGroup;
			children = (
				3MHKRH1Y09RNSJX2H96ARGUK /* Main.storyboard */,
				R9WSHVJC4TIVZ0K9ZGVFIV97 /* LaunchScreen.storyboard */,
				KED272W3CGK7SHTYEP7N3D1Q /* GoogleService-Info.plist */,
				3FI6L0H3NATZRFUQ76ACYOMZ /* AppDelegate.swift */,
				QJMCIDR81JMCSQ8VM0HMLHMK /* GeneratedPluginRegistrant.m */,
				UYTPBDG3ZCZIEXKNH2NMV39R /* Runner.entitlements */,
				BY6F5NTIN7US7HYCSB5X9I5H /* InfoPlist.strings */,
				BP09YPAIPRTOI8S86JC2LWW3 /* Info.plist */,
				RO1PKI8BGGGMNBW45OF3200R /* Assets.xcassets */,
				204Q6GYLN714Q08K9P095LMS /* GeneratedPluginRegistrant.h */,
				AC7GTX1XUR9VJX5ATDDKKAGO /* PrivacyInfo.xcprivacy */,
				LXSN9HTHY4FDUZU4TGSKTRKP /* Runner-Bridging-Header.h */,
			);
			path = Runner;
			sourceTree = "<group>";
		};
		X0G9A891AS60SGG3OHDWKHPD /* Products */ = {
			isa = PBXGroup;
			children = (
				T2D4GPMHHBV06VYNXHJ4XTMO /* Runner.app */,
			);
			name = Products;
			sourceTree = "<group>";
		};
/* End PBXGroup section */

/* Begin PBXNativeTarget section */
		G8I87GVIPXCK7CTFGLCMS3I7 /* Runner */ = {
			isa = PBXNativeTarget;
			buildConfigurationList = 6H5VUVIDD1H1IG87KF3UXJW3 /* Build configuration list for PBXNativeTarget "Runner" */;
			buildPhases = (
				Q9W80CLRMDLZEM9R4ADUHMYN /* [CP] Check Pods Manifest.lock */,
				P5R0JJKCDIDR5KAR3XNIHOXP /* Run Script */,
				CFMGG3J36R7M54C6B4108QNC /* Sources */,
				TRKACLZRN9OQKCZJG94MJAPK /* Frameworks */,
				PX1ZLUFJ9IRVORNMWG736E9Z /* Resources */,
				EFS2OJFDNRNFPL1UBL1R77WF /* Embed Frameworks */,
				6K928LWD7ONZJSGKNQ7SB3B7 /* Thin Binary */,
				D76ZKGGOYTNRHFXWM4IDLP4A /* [CP] Embed Pods Frameworks */,
			);
			buildRules = (
			);
			dependencies = (
			);
			name = Runner;
			productName = Runner;
			productReference = T2D4GPMHHBV06VYNXHJ4XTMO /* Runner.app */;
			productType = "com.apple.product-type.application";
		};
/* End PBXNativeTarget section */

/* Begin PBXProject section */
		OO3LUB6FTWFS631M02WRFNNT /* Project object */ = {
			isa = PBXProject;
			attributes = {
				BuildIndependentTargetsInParallel = YES;
				LastUpgradeCheck = 1510;
				ORGANIZATIONNAME = "";
				TargetAttributes = {
					G8I87GVIPXCK7CTFGLCMS3I7 = {
						CreatedOnToolsVersion = 7.3.1;
						LastSwiftMigration = 1100;
					};
				};
			};
			buildConfigurationList = KUY66IOHCZJ9U9JSSPNREA48 /* Build configuration list for PBXProject "Runner" */;
			compatibilityVersion = "Xcode 9.3";
			developmentRegion = en;
			hasScannedForEncodings = 0;
			knownRegions = (
				en,
				Base,
				ko,
				ar,
				pt,
				ru,
				es,
				ms,
				ja,
			);
			mainGroup = 5PA04ARDPNZECBM0QKA2G915;
			productRefGroup = X0G9A891AS60SGG3OHDWKHPD /* Products */;
			projectDirPath = "";
			projectRoot = "";
			targets = (
				G8I87GVIPXCK7CTFGLCMS3I7 /* Runner */,
			);
		};
/* End PBXProject section */

/* Begin PBXResourcesBuildPhase section */
		PX1ZLUFJ9IRVORNMWG736E9Z /* Resources */ = {
			isa = PBXResourcesBuildPhase;
			buildActionMask = 2147483647;
			files = (
				2D1K3DU2LSHF2LRZOE5BTRZB /* InfoPlist.strings in Resources */,
				CDVTH1ZFFOHCUEB3XHYC10RU /* GoogleService-Info.plist in Resources */,
				WMPHSBX0KAV18RWUGNY1DDS7 /* LaunchScreen.storyboard in Resources */,
				IBN5Y9FCBI1I1S8MQCR910KD /* Main.storyboard in Resources */,
				I65P29Q4EKRO07YXKO91Z3JV /* AppFrameworkInfo.plist in Resources */,
				NIXAXU13VVK4VX36V9XC88B7 /* Assets.xcassets in Resources */,
				YVC8AY6ZCRB1FEGG4FJJC6OQ /* PrivacyInfo.xcprivacy in Resources */,
			);
			runOnlyForDeploymentPostprocessing = 0;
		};
/* End PBXResourcesBuildPhase section */

/* Begin PBXShellScriptBuildPhase section */
		6K928LWD7ONZJSGKNQ7SB3B7 /* Thin Binary */ = {
			isa = PBXShellScriptBuildPhase;
			alwaysOutOfDate = 1;
			buildActionMask = 2147483647;
			files = (
			);
			inputPaths = (
				"${TARGET_BUILD_DIR}/${INFOPLIST_PATH}",
			);
			name = "Thin Binary";
			outputPaths = (
			);
			runOnlyForDeploymentPostprocessing = 0;
			shellPath = /bin/sh;
			shellScript = "/bin/sh \"$FLUTTER_ROOT/packages/flutter_tools/bin/xcode_backend.sh\" embed_and_thin";
		};
		D76ZKGGOYTNRHFXWM4IDLP4A /* [CP] Embed Pods Frameworks */ = {
			isa = PBXShellScriptBuildPhase;
			buildActionMask = 2147483647;
			files = (
			);
			inputFileListPaths = (
				"${PODS_ROOT}/Target Support Files/Pods-Runner/Pods-Runner-frameworks-${CONFIGURATION}-input-files.xcfilelist",
			);
			name = "[CP] Embed Pods Frameworks";
			outputFileListPaths = (
				"${PODS_ROOT}/Target Support Files/Pods-Runner/Pods-Runner-frameworks-${CONFIGURATION}-output-files.xcfilelist",
			);
			runOnlyForDeploymentPostprocessing = 0;
			shellPath = /bin/sh;
			shellScript = "\"${PODS_ROOT}/Target Support Files/Pods-Runner/Pods-Runner-frameworks.sh\"\n";
			showEnvVarsInLog = 0;
		};
		P5R0JJKCDIDR5KAR3XNIHOXP /* Run Script */ = {
			isa = PBXShellScriptBuildPhase;
			alwaysOutOfDate = 1;
			buildActionMask = 2147483647;
			files = (
			);
			inputPaths = (
			);
			name = "Run Script";
			outputPaths = (
			);
			runOnlyForDeploymentPostprocessing = 0;
			shellPath = /bin/sh;
			shellScript = "/bin/sh \"$FLUTTER_ROOT/packages/flutter_tools/bin/xcode_backend.sh\" build";
		};
		Q9W80CLRMDLZEM9R4ADUHMYN /* [CP] Check Pods Manifest.lock */ = {
			isa = PBXShellScriptBuildPhase;
			buildActionMask = 2147483647;
			files = (
			);
			inputFileListPaths = (
			);
			inputPaths = (
				"${PODS_PODFILE_DIR_PATH}/Podfile.lock",
				"${PODS_ROOT}/Manifest.lock",
			);
			name = "[CP] Check Pods Manifest.lock";
			outputFileListPaths = (
			);
			outputPaths = (
				"$(DERIVED_FILE_DIR)/Pods-Runner-checkManifestLockResult.txt",
			);
			runOnlyForDeploymentPostprocessing = 0;
			shellPath = /bin/sh;
			shellScript = "diff \"${PODS_PODFILE_DIR_PATH}/Podfile.lock\" \"${PODS_ROOT}/Manifest.lock\" > /dev/null\nif [ $? != 0 ] ; then\n    # print error to STDERR\n    echo \"error: The sandbox is not in sync with the Podfile.lock. Run 'pod install' or update your CocoaPods installation.\" >&2\n    exit 1\nfi\n# This output is used by Xcode 'outputs' to avoid re-running this script phase.\necho \"SUCCESS\" > \"${SCRIPT_OUTPUT_FILE_0}\"\n";
			showEnvVarsInLog = 0;
		};
/* End PBXShellScriptBuildPhase section */

/* Begin PBXSourcesBuildPhase section */
		CFMGG3J36R7M54C6B4108QNC /* Sources */ = {
			isa = PBXSourcesBuildPhase;
			buildActionMask = 2147483647;
			files = (
				KA7P9WHHWDHOJIRJ4O5V6LF6 /* GeneratedPluginRegistrant.m in Sources */,
				EBSYMBROZHU2TKSOQ8UVJOHV /* AppDelegate.swift in Sources */,
			);
			runOnlyForDeploymentPostprocessing = 0;
		};
/* End PBXSourcesBuildPhase section */

/* Begin PBXVariantGroup section */
		3MHKRH1Y09RNSJX2H96ARGUK /* Main.storyboard */ = {
			isa = PBXVariantGroup;
			children = (
				66IUGQ14QOVGDX6AOT16K7A6 /* ja */,
				I1EZ4NOO5EYDYCHI66E4UF9G /* ar */,
				BLKTNPFUYG3TWKE9PRBEBUJZ /* ar */,
				2O0JR0VKVWB3VYWWEVGPEDVH /* ko */,
				W9EJMDPO0X5UFDZWETMC9CI6 /* ru */,
				DRKIQ69OGZZK3ITKH6BS8C0J /* ms */,
				06ZH68OFN923RR9C4A92ZI1O /* es */,
				Q84HA0S8JTEOB81YKVNDOE97 /* pt */,
				AXI4QKMCMHBVEJSLL6CGOTDH /* Base */,
			);
			name = Main.storyboard;
			sourceTree = "<group>";
		};
		BY6F5NTIN7US7HYCSB5X9I5H /* InfoPlist.strings */ = {
			isa = PBXVariantGroup;
			children = (
				I3XNDBTC05ZLS9AS7NCC9IHE /* pt */,
				FS4B8E6T5OGQGCZWDM6YTM0M /* ja */,
				5KL3E3YXJT0MSW8RV5S1GIWK /* ar */,
				ILWMYES0GP3UI4HJ88GEGANE /* ms */,
				5YV1Y9LI20KXOVXOW2KFFG2J /* ko */,
				MPBYB3UY4GI9JSAZTRHW3FR2 /* en */,
				5CXP8AI7G4S1QKMB01H6FQ6B /* ru */,
				85RPP411AXMBDGGPEV44TXSI /* es */,
			);
			name = InfoPlist.strings;
			sourceTree = "<group>";
		};
		R9WSHVJC4TIVZ0K9ZGVFIV97 /* LaunchScreen.storyboard */ = {
			isa = PBXVariantGroup;
			children = (
				2XXC7AFG74Y79OACV83191YE /* es */,
				WK5UPAG0KNW3DYH4WJGRVQZY /* ms */,
				BY3BQ7KKEK84C8CYE4B2D8JZ /* ko */,
				2JM4BD75FPTKVK4WCDU0TY99 /* ru */,
				XAR3AOC0RA3QK6TV6QMZ7PY3 /* ar */,
				IVK71L5R79JQN0OOTOEYHO7C /* Base */,
				5MBDN267GNSBS4VCOVVEASYR /* ar */,
				709SJQ6MVOXHVXTFMDTOIU6O /* pt */,
				W6VA1JX4Z6CLQK26YCUEHIEY /* ja */,
			);
			name = LaunchScreen.storyboard;
			sourceTree = "<group>";
		};
/* End PBXVariantGroup section */

/* Begin XCBuildConfiguration section */
		8ZDTK7MDPUOMFLLFLJQZX3SO /* Profile */ = {
			isa = XCBuildConfiguration;
			buildSettings = {
				ALWAYS_SEARCH_USER_PATHS = NO;
				ASSETCATALOG_COMPILER_GENERATE_SWIFT_ASSET_SYMBOL_EXTENSIONS = YES;
				CLANG_ANALYZER_LOCALIZABILITY_NONLOCALIZED = YES;
				CLANG_ANALYZER_NONNULL = YES;
				CLANG_CXX_LANGUAGE_STANDARD = "gnu++0x";
				CLANG_CXX_LIBRARY = "libc++";
				CLANG_ENABLE_MODULES = YES;
				CLANG_ENABLE_OBJC_ARC = YES;
				CLANG_WARN_BLOCK_CAPTURE_AUTORELEASING = YES;
				CLANG_WARN_BOOL_CONVERSION = YES;
				CLANG_WARN_COMMA = YES;
				CLANG_WARN_CONSTANT_CONVERSION = YES;
				CLANG_WARN_DEPRECATED_OBJC_IMPLEMENTATIONS = YES;
				CLANG_WARN_DIRECT_OBJC_ISA_USAGE = YES_ERROR;
				CLANG_WARN_EMPTY_BODY = YES;
				CLANG_WARN_ENUM_CONVERSION = YES;
				CLANG_WARN_INFINITE_RECURSION = YES;
				CLANG_WARN_INT_CONVERSION = YES;
				CLANG_WARN_NON_LITERAL_NULL_CONVERSION = YES;
				CLANG_WARN_OBJC_IMPLICIT_RETAIN_SELF = YES;
				CLANG_WARN_OBJC_LITERAL_CONVERSION = YES;
				CLANG_WARN_OBJC_ROOT_CLASS = YES_ERROR;
				CLANG_WARN_RANGE_LOOP_ANALYSIS = YES;
				CLANG_WARN_STRICT_PROTOTYPES = YES;
				CLANG_WARN_SUSPICIOUS_MOVE = YES;
				CLANG_WARN_UNREACHABLE_CODE = YES;
				CLANG_WARN__DUPLICATE_METHOD_MATCH = YES;
				"CODE_SIGN_IDENTITY[sdk=iphoneos*]" = "iPhone Developer";
				COPY_PHASE_STRIP = NO;
				DEBUG_INFORMATION_FORMAT = "dwarf-with-dsym";
				ENABLE_NS_ASSERTIONS = NO;
				ENABLE_STRICT_OBJC_MSGSEND = YES;
				ENABLE_USER_SCRIPT_SANDBOXING = NO;
				GCC_C_LANGUAGE_STANDARD = gnu99;
				GCC_NO_COMMON_BLOCKS = YES;
				GCC_WARN_64_TO_32_BIT_CONVERSION = YES;
				GCC_WARN_ABOUT_RETURN_TYPE = YES_ERROR;
				GCC_WARN_UNDECLARED_SELECTOR = YES;
				GCC_WARN_UNINITIALIZED_AUTOS = YES_AGGRESSIVE;
				GCC_WARN_UNUSED_FUNCTION = YES;
				GCC_WARN_UNUSED_VARIABLE = YES;
				IPHONEOS_DEPLOYMENT_TARGET = 12.0;
				MTL_ENABLE_DEBUG_INFO = NO;
				SDKROOT = iphoneos;
				SUPPORTED_PLATFORMS = iphoneos;
				TARGETED_DEVICE_FAMILY = "1,2";
				VALIDATE_PRODUCT = YES;
			};
			name = Profile;
		};
		E73YI2JPEUQKVXUZ1DXY25RK /* Profile */ = {
			isa = XCBuildConfiguration;
			baseConfigurationReference = D95N4M3XCM1YYOCW7PP13HM9 /* Release.xcconfig */;
			buildSettings = {
				ASSETCATALOG_COMPILER_APPICON_NAME = AppIcon;
				CLANG_ENABLE_MODULES = YES;
				CODE_SIGN_ENTITLEMENTS = Runner/Runner.entitlements;
				"CODE_SIGN_IDENTITY[sdk=iphoneos*]" = "iPhone Distribution";
				CODE_SIGN_STYLE = Manual;
				CURRENT_PROJECT_VERSION = 11;
				DEBUG_INFORMATION_FORMAT = dwarf;
				DEVELOPMENT_TEAM = "";
				"DEVELOPMENT_TEAM[sdk=iphoneos*]" = 8YR56ZK59R;
				ENABLE_BITCODE = NO;
				INFOPLIST_FILE = Runner/Info.plist;
				IPHONEOS_DEPLOYMENT_TARGET = 13.0;
				LD_RUNPATH_SEARCH_PATHS = (
					"$(inherited)",
					"@executable_path/Frameworks",
				);
				MARKETING_VERSION = 1.3.0;
				PRODUCT_BUNDLE_IDENTIFIER = com.8YR56ZK59R;
				PRODUCT_NAME = "$(TARGET_NAME)";
				PROVISIONING_PROFILE_SPECIFIER = "";
				"PROVISIONING_PROFILE_SPECIFIER[sdk=iphoneos*]" = com8YR56ZK59R_dis_20250714;
				SUPPORTED_PLATFORMS = "iphoneos iphonesimulator";
				SUPPORTS_MACCATALYST = NO;
				SUPPORTS_MAC_DESIGNED_FOR_IPHONE_IPAD = NO;
				SUPPORTS_XR_DESIGNED_FOR_IPHONE_IPAD = NO;
				SWIFT_OBJC_BRIDGING_HEADER = "Runner/Runner-Bridging-Header.h";
				SWIFT_VERSION = 5.0;
				TARGETED_DEVICE_FAMILY = 1;
				VERSIONING_SYSTEM = "apple-generic";
			};
			name = Profile;
		};
		KO80NYMQL69DSR0RAQJW1B92 /* Debug */ = {
			isa = XCBuildConfiguration;
			baseConfigurationReference = R0DXH4EYK5GJTFKVPBWY24TF /* Debug.xcconfig */;
			buildSettings = {
				ASSETCATALOG_COMPILER_APPICON_NAME = AppIcon;
				CLANG_ENABLE_MODULES = YES;
				CODE_SIGN_ENTITLEMENTS = Runner/Runner.entitlements;
				"CODE_SIGN_IDENTITY[sdk=iphoneos*]" = "iPhone Distribution";
				CODE_SIGN_STYLE = Manual;
				CURRENT_PROJECT_VERSION = 11;
				DEBUG_INFORMATION_FORMAT = dwarf;
				DEVELOPMENT_TEAM = "";
				"DEVELOPMENT_TEAM[sdk=iphoneos*]" = 8YR56ZK59R;
				ENABLE_BITCODE = NO;
				INFOPLIST_FILE = Runner/Info.plist;
				IPHONEOS_DEPLOYMENT_TARGET = 13.0;
				LD_RUNPATH_SEARCH_PATHS = (
					"$(inherited)",
					"@executable_path/Frameworks",
				);
				MARKETING_VERSION = 1.3.0;
				PRODUCT_BUNDLE_IDENTIFIER = com.8YR56ZK59R;
				PRODUCT_NAME = "$(TARGET_NAME)";
				PROVISIONING_PROFILE_SPECIFIER = "";
				"PROVISIONING_PROFILE_SPECIFIER[sdk=iphoneos*]" = com8YR56ZK59R_dis_20250714;
				SUPPORTED_PLATFORMS = "iphoneos iphonesimulator";
				SUPPORTS_MACCATALYST = NO;
				SUPPORTS_MAC_DESIGNED_FOR_IPHONE_IPAD = NO;
				SUPPORTS_XR_DESIGNED_FOR_IPHONE_IPAD = NO;
				SWIFT_OBJC_BRIDGING_HEADER = "Runner/Runner-Bridging-Header.h";
				SWIFT_OPTIMIZATION_LEVEL = "-Onone";
				SWIFT_VERSION = 5.0;
				TARGETED_DEVICE_FAMILY = 1;
				VERSIONING_SYSTEM = "apple-generic";
			};
			name = Debug;
		};
		O3ST853U251UE5URQIHAZESL /* Release */ = {
			isa = XCBuildConfiguration;
			buildSettings = {
				ALWAYS_SEARCH_USER_PATHS = NO;
				ASSETCATALOG_COMPILER_GENERATE_SWIFT_ASSET_SYMBOL_EXTENSIONS = YES;
				CLANG_ANALYZER_LOCALIZABILITY_NONLOCALIZED = YES;
				CLANG_ANALYZER_NONNULL = YES;
				CLANG_CXX_LANGUAGE_STANDARD = "gnu++0x";
				CLANG_CXX_LIBRARY = "libc++";
				CLANG_ENABLE_MODULES = YES;
				CLANG_ENABLE_OBJC_ARC = YES;
				CLANG_WARN_BLOCK_CAPTURE_AUTORELEASING = YES;
				CLANG_WARN_BOOL_CONVERSION = YES;
				CLANG_WARN_COMMA = YES;
				CLANG_WARN_CONSTANT_CONVERSION = YES;
				CLANG_WARN_DEPRECATED_OBJC_IMPLEMENTATIONS = YES;
				CLANG_WARN_DIRECT_OBJC_ISA_USAGE = YES_ERROR;
				CLANG_WARN_EMPTY_BODY = YES;
				CLANG_WARN_ENUM_CONVERSION = YES;
				CLANG_WARN_INFINITE_RECURSION = YES;
				CLANG_WARN_INT_CONVERSION = YES;
				CLANG_WARN_NON_LITERAL_NULL_CONVERSION = YES;
				CLANG_WARN_OBJC_IMPLICIT_RETAIN_SELF = YES;
				CLANG_WARN_OBJC_LITERAL_CONVERSION = YES;
				CLANG_WARN_OBJC_ROOT_CLASS = YES_ERROR;
				CLANG_WARN_RANGE_LOOP_ANALYSIS = YES;
				CLANG_WARN_STRICT_PROTOTYPES = YES;
				CLANG_WARN_SUSPICIOUS_MOVE = YES;
				CLANG_WARN_UNREACHABLE_CODE = YES;
				CLANG_WARN__DUPLICATE_METHOD_MATCH = YES;
				"CODE_SIGN_IDENTITY[sdk=iphoneos*]" = "iPhone Developer";
				COPY_PHASE_STRIP = NO;
				DEBUG_INFORMATION_FORMAT = "dwarf-with-dsym";
				ENABLE_NS_ASSERTIONS = NO;
				ENABLE_STRICT_OBJC_MSGSEND = YES;
				ENABLE_USER_SCRIPT_SANDBOXING = NO;
				GCC_C_LANGUAGE_STANDARD = gnu99;
				GCC_NO_COMMON_BLOCKS = YES;
				GCC_WARN_64_TO_32_BIT_CONVERSION = YES;
				GCC_WARN_ABOUT_RETURN_TYPE = YES_ERROR;
				GCC_WARN_UNDECLARED_SELECTOR = YES;
				GCC_WARN_UNINITIALIZED_AUTOS = YES_AGGRESSIVE;
				GCC_WARN_UNUSED_FUNCTION = YES;
				GCC_WARN_UNUSED_VARIABLE = YES;
				IPHONEOS_DEPLOYMENT_TARGET = 12.0;
				MTL_ENABLE_DEBUG_INFO = NO;
				SDKROOT = iphoneos;
				SUPPORTED_PLATFORMS = iphoneos;
				SWIFT_COMPILATION_MODE = wholemodule;
				SWIFT_OPTIMIZATION_LEVEL = "-O";
				TARGETED_DEVICE_FAMILY = "1,2";
				VALIDATE_PRODUCT = YES;
			};
			name = Release;
		};
		OJIPR3273S1PTYNAUTMVANFL /* Debug */ = {
			isa = XCBuildConfiguration;
			buildSettings = {
				ALWAYS_SEARCH_USER_PATHS = NO;
				ASSETCATALOG_COMPILER_GENERATE_SWIFT_ASSET_SYMBOL_EXTENSIONS = YES;
				CLANG_ANALYZER_LOCALIZABILITY_NONLOCALIZED = YES;
				CLANG_ANALYZER_NONNULL = YES;
				CLANG_CXX_LANGUAGE_STANDARD = "gnu++0x";
				CLANG_CXX_LIBRARY = "libc++";
				CLANG_ENABLE_MODULES = YES;
				CLANG_ENABLE_OBJC_ARC = YES;
				CLANG_WARN_BLOCK_CAPTURE_AUTORELEASING = YES;
				CLANG_WARN_BOOL_CONVERSION = YES;
				CLANG_WARN_COMMA = YES;
				CLANG_WARN_CONSTANT_CONVERSION = YES;
				CLANG_WARN_DEPRECATED_OBJC_IMPLEMENTATIONS = YES;
				CLANG_WARN_DIRECT_OBJC_ISA_USAGE = YES_ERROR;
				CLANG_WARN_EMPTY_BODY = YES;
				CLANG_WARN_ENUM_CONVERSION = YES;
				CLANG_WARN_INFINITE_RECURSION = YES;
				CLANG_WARN_INT_CONVERSION = YES;
				CLANG_WARN_NON_LITERAL_NULL_CONVERSION = YES;
				CLANG_WARN_OBJC_IMPLICIT_RETAIN_SELF = YES;
				CLANG_WARN_OBJC_LITERAL_CONVERSION = YES;
				CLANG_WARN_OBJC_ROOT_CLASS = YES_ERROR;
				CLANG_WARN_RANGE_LOOP_ANALYSIS = YES;
				CLANG_WARN_STRICT_PROTOTYPES = YES;
				CLANG_WARN_SUSPICIOUS_MOVE = YES;
				CLANG_WARN_UNREACHABLE_CODE = YES;
				CLANG_WARN__DUPLICATE_METHOD_MATCH = YES;
				"CODE_SIGN_IDENTITY[sdk=iphoneos*]" = "iPhone Developer";
				COPY_PHASE_STRIP = NO;
				DEBUG_INFORMATION_FORMAT = dwarf;
				ENABLE_STRICT_OBJC_MSGSEND = YES;
				ENABLE_TESTABILITY = YES;
				ENABLE_USER_SCRIPT_SANDBOXING = NO;
				GCC_C_LANGUAGE_STANDARD = gnu99;
				GCC_DYNAMIC_NO_PIC = NO;
				GCC_NO_COMMON_BLOCKS = YES;
				GCC_OPTIMIZATION_LEVEL = 0;
				GCC_PREPROCESSOR_DEFINITIONS = (
					"DEBUG=1",
					"$(inherited)",
				);
				GCC_WARN_64_TO_32_BIT_CONVERSION = YES;
				GCC_WARN_ABOUT_RETURN_TYPE = YES_ERROR;
				GCC_WARN_UNDECLARED_SELECTOR = YES;
				GCC_WARN_UNINITIALIZED_AUTOS = YES_AGGRESSIVE;
				GCC_WARN_UNUSED_FUNCTION = YES;
				GCC_WARN_UNUSED_VARIABLE = YES;
				IPHONEOS_DEPLOYMENT_TARGET = 12.0;
				MTL_ENABLE_DEBUG_INFO = YES;
				ONLY_ACTIVE_ARCH = YES;
				SDKROOT = iphoneos;
				TARGETED_DEVICE_FAMILY = "1,2";
			};
			name = Debug;
		};
		QBU7TZ1AXTEDHRENEF0TPRAZ /* Release */ = {
			isa = XCBuildConfiguration;
			baseConfigurationReference = D95N4M3XCM1YYOCW7PP13HM9 /* Release.xcconfig */;
			buildSettings = {
				ASSETCATALOG_COMPILER_APPICON_NAME = AppIcon;
				CLANG_ENABLE_MODULES = YES;
				CODE_SIGN_ENTITLEMENTS = Runner/Runner.entitlements;
				"CODE_SIGN_IDENTITY[sdk=iphoneos*]" = "iPhone Distribution";
				CODE_SIGN_STYLE = Manual;
				CURRENT_PROJECT_VERSION = 11;
				DEBUG_INFORMATION_FORMAT = dwarf;
				DEVELOPMENT_TEAM = "";
				"DEVELOPMENT_TEAM[sdk=iphoneos*]" = 8YR56ZK59R;
				ENABLE_BITCODE = NO;
				INFOPLIST_FILE = Runner/Info.plist;
				IPHONEOS_DEPLOYMENT_TARGET = 13.0;
				LD_RUNPATH_SEARCH_PATHS = (
					"$(inherited)",
					"@executable_path/Frameworks",
				);
				MARKETING_VERSION = 1.3.0;
				PRODUCT_BUNDLE_IDENTIFIER = com.8YR56ZK59R;
				PRODUCT_NAME = "$(TARGET_NAME)";
				PROVISIONING_PROFILE_SPECIFIER = "";
				"PROVISIONING_PROFILE_SPECIFIER[sdk=iphoneos*]" = com8YR56ZK59R_dis_20250714;
				SUPPORTED_PLATFORMS = "iphoneos iphonesimulator";
				SUPPORTS_MACCATALYST = NO;
				SUPPORTS_MAC_DESIGNED_FOR_IPHONE_IPAD = NO;
				SUPPORTS_XR_DESIGNED_FOR_IPHONE_IPAD = NO;
				SWIFT_OBJC_BRIDGING_HEADER = "Runner/Runner-Bridging-Header.h";
				SWIFT_VERSION = 5.0;
				TARGETED_DEVICE_FAMILY = 1;
				VERSIONING_SYSTEM = "apple-generic";
			};
			name = Release;
		};
/* End XCBuildConfiguration section */

/* Begin XCConfigurationList section */
		6H5VUVIDD1H1IG87KF3UXJW3 /* Build configuration list for PBXNativeTarget "Runner" */ = {
			isa = XCConfigurationList;
			buildConfigurations = (
				KO80NYMQL69DSR0RAQJW1B92 /* Debug */,
				QBU7TZ1AXTEDHRENEF0TPRAZ /* Release */,
				E73YI2JPEUQKVXUZ1DXY25RK /* Profile */,
			);
			defaultConfigurationIsVisible = 0;
			defaultConfigurationName = Release;
		};
		KUY66IOHCZJ9U9JSSPNREA48 /* Build configuration list for PBXProject "Runner" */ = {
			isa = XCConfigurationList;
			buildConfigurations = (
				OJIPR3273S1PTYNAUTMVANFL /* Debug */,
				O3ST853U251UE5URQIHAZESL /* Release */,
				8ZDTK7MDPUOMFLLFLJQZX3SO /* Profile */,
			);
			defaultConfigurationIsVisible = 0;
			defaultConfigurationName = Release;
		};
/* End XCConfigurationList section */
	};
	rootObject = OO3LUB6FTWFS631M02WRFNNT /* Project object */;
}
